
Microsoft Visual Studio Solution File, Format Version 12.00
# Visual Studio 15
VisualStudioVersion = 15.0.28307.168
MinimumVisualStudioVersion = 10.0.40219.1
Project("{8BC9CEB8-8B4A-11D0-8D11-00A0C91BC942}") = "TestLogcat", "TestLogcat\TestLogcat.vcxproj", "{98BECD1E-003E-4764-ACD6-D04E1F217A91}"
	ProjectSection(ProjectDependencies) = postProject
		{EC80A096-1C37-420C-9EE3-4CEE83531663} = {EC80A096-1C37-420C-9EE3-4CEE83531663}
	EndProjectSection
EndProject
Project("{8BC9CEB8-8B4A-11D0-8D11-00A0C91BC942}") = "Logcat", "Logcat\Logcat.vcxproj", "{EC80A096-1C37-420C-9EE3-4CEE83531663}"
EndProject
Global
	GlobalSection(SolutionConfigurationPlatforms) = preSolution
		Debug|x64 = Debug|x64
		Debug|x86 = Debug|x86
		Release|x64 = Release|x64
		Release|x86 = Release|x86
	EndGlobalSection
	GlobalSection(ProjectConfigurationPlatforms) = postSolution
		{98BECD1E-003E-4764-ACD6-D04E1F217A91}.Debug|x64.ActiveCfg = Debug|x64
		{98BECD1E-003E-4764-ACD6-D04E1F217A91}.Debug|x64.Build.0 = Debug|x64
		{98BECD1E-003E-4764-ACD6-D04E1F217A91}.Debug|x86.ActiveCfg = Debug|Win32
		{98BECD1E-003E-4764-ACD6-D04E1F217A91}.Debug|x86.Build.0 = Debug|Win32
		{98BECD1E-003E-4764-ACD6-D04E1F217A91}.Release|x64.ActiveCfg = Release|x64
		{98BECD1E-003E-4764-ACD6-D04E1F217A91}.Release|x64.Build.0 = Release|x64
		{98BECD1E-003E-4764-ACD6-D04E1F217A91}.Release|x86.ActiveCfg = Release|Win32
		{98BECD1E-003E-4764-ACD6-D04E1F217A91}.Release|x86.Build.0 = Release|Win32
		{EC80A096-1C37-420C-9EE3-4CEE83531663}.Debug|x64.ActiveCfg = Debug|x64
		{EC80A096-1C37-420C-9EE3-4CEE83531663}.Debug|x64.Build.0 = Debug|x64
		{EC80A096-1C37-420C-9EE3-4CEE83531663}.Debug|x86.ActiveCfg = Debug|Win32
		{EC80A096-1C37-420C-9EE3-4CEE83531663}.Debug|x86.Build.0 = Debug|Win32
		{EC80A096-1C37-420C-9EE3-4CEE83531663}.Release|x64.ActiveCfg = Release|x64
		{EC80A096-1C37-420C-9EE3-4CEE83531663}.Release|x64.Build.0 = Release|x64
		{EC80A096-1C37-420C-9EE3-4CEE83531663}.Release|x86.ActiveCfg = Release|Win32
		{EC80A096-1C37-420C-9EE3-4CEE83531663}.Release|x86.Build.0 = Release|Win32
	EndGlobalSection
	GlobalSection(SolutionProperties) = preSolution
		HideSolutionNode = FALSE
	EndGlobalSection
	GlobalSection(ExtensibilityGlobals) = postSolution
		SolutionGuid = {A87929FC-C439-48EB-B172-E1131787F134}
	EndGlobalSection
EndGlobal
